
Microsoft Visual Studio Solution File, Format Version 12.00
# Visual Studio Version 17
VisualStudioVersion = 17.9.34616.47
MinimumVisualStudioVersion = 10.0.40219.1
Project("{FAE04EC0-301F-11D3-BF4B-00C04F79EFBC}") = "processamento e casting", "processamento e casting\processamento e casting.csproj", "{FB5CFABA-6CDA-4E11-AB3A-C70D6459834B}"
EndProject
Global
	GlobalSection(SolutionConfigurationPlatforms) = preSolution
		Debug|Any CPU = Debug|Any CPU
		Release|Any CPU = Release|Any CPU
	EndGlobalSection
	GlobalSection(ProjectConfigurationPlatforms) = postSolution
		{FB5CFABA-6CDA-4E11-AB3A-C70D6459834B}.Debug|Any CPU.ActiveCfg = Debug|Any CPU
		{FB5CFABA-6CDA-4E11-AB3A-C70D6459834B}.Debug|Any CPU.Build.0 = Debug|Any CPU
		{FB5CFABA-6CDA-4E11-AB3A-C70D6459834B}.Release|Any CPU.ActiveCfg = Release|Any CPU
		{FB5CFABA-6CDA-4E11-AB3A-C70D6459834B}.Release|Any CPU.Build.0 = Release|Any CPU
	EndGlobalSection
	GlobalSection(SolutionProperties) = preSolution
		HideSolutionNode = FALSE
	EndGlobalSection
	GlobalSection(ExtensibilityGlobals) = postSolution
		SolutionGuid = {5767BFCC-5808-48D3-BFFE-93D4F6657873}
	EndGlobalSection
EndGlobal
